
Microsoft Visual Studio Solution File, Format Version 12.00
# Visual Studio 15
VisualStudioVersion = 15.0.28307.489
MinimumVisualStudioVersion = 10.0.40219.1
Project("{FAE04EC0-301F-11D3-BF4B-00C04F79EFBC}") = "Data_Parser", "Data_Parser.csproj", "{7923E184-D0B7-496A-A6CA-FDCAB75BC621}"
EndProject
Global
	GlobalSection(SolutionConfigurationPlatforms) = preSolution
		Debug|Any CPU = Debug|Any CPU
		Release|Any CPU = Release|Any CPU
	EndGlobalSection
	GlobalSection(ProjectConfigurationPlatforms) = postSolution
		{7923E184-D0B7-496A-A6CA-FDCAB75BC621}.Debug|Any CPU.ActiveCfg = Debug|Any CPU
		{7923E184-D0B7-496A-A6CA-FDCAB75BC621}.Debug|Any CPU.Build.0 = Debug|Any CPU
		{7923E184-D0B7-496A-A6CA-FDCAB75BC621}.Release|Any CPU.ActiveCfg = Release|Any CPU
		{7923E184-D0B7-496A-A6CA-FDCAB75BC621}.Release|Any CPU.Build.0 = Release|Any CPU
	EndGlobalSection
	GlobalSection(SolutionProperties) = preSolution
		HideSolutionNode = FALSE
	EndGlobalSection
	GlobalSection(ExtensibilityGlobals) = postSolution
		SolutionGuid = {F6E31516-2F0D-4942-854D-2028B099B7DC}
	EndGlobalSection
EndGlobal
